
Microsoft Visual Studio Solution File, Format Version 12.00
# Visual Studio Version 16
VisualStudioVersion = 16.0.30128.74
MinimumVisualStudioVersion = 10.0.40219.1
Project("{FAE04EC0-301F-11D3-BF4B-00C04F79EFBC}") = "Ecommerce1", "Ecommerce1\Ecommerce1.csproj", "{10FA005E-4DB5-4E83-8C09-1B789BBACFED}"
EndProject
Global
	GlobalSection(SolutionConfigurationPlatforms) = preSolution
		Debug|Any CPU = Debug|Any CPU
		Release|Any CPU = Release|Any CPU
	EndGlobalSection
	GlobalSection(ProjectConfigurationPlatforms) = postSolution
		{10FA005E-4DB5-4E83-8C09-1B789BBACFED}.Debug|Any CPU.ActiveCfg = Debug|Any CPU
		{10FA005E-4DB5-4E83-8C09-1B789BBACFED}.Debug|Any CPU.Build.0 = Debug|Any CPU
		{10FA005E-4DB5-4E83-8C09-1B789BBACFED}.Release|Any CPU.ActiveCfg = Release|Any CPU
		{10FA005E-4DB5-4E83-8C09-1B789BBACFED}.Release|Any CPU.Build.0 = Release|Any CPU
	EndGlobalSection
	GlobalSection(SolutionProperties) = preSolution
		HideSolutionNode = FALSE
	EndGlobalSection
	GlobalSection(ExtensibilityGlobals) = postSolution
		SolutionGuid = {22628778-AF1A-4447-9D7C-23DC3FB9CE67}
	EndGlobalSection
EndGlobal
