
Microsoft Visual Studio Solution File, Format Version 12.00
# Visual Studio Version 16
VisualStudioVersion = 16.0.30413.136
MinimumVisualStudioVersion = 10.0.40219.1
Project("{9A19103F-16F7-4668-BE54-9A1E7A4F7556}") = "Registration_Application", "Registration_Application\Registration_Application.csproj", "{CFECC27B-DBDD-44B3-BB49-D318FA191FBC}"
EndProject
Project("{FAE04EC0-301F-11D3-BF4B-00C04F79EFBC}") = "XUnitTestProject1", "XUnitTestProject1\XUnitTestProject1.csproj", "{FB238CD8-D22B-4F34-B8A4-981DFAA01066}"
EndProject
Global
	GlobalSection(SolutionConfigurationPlatforms) = preSolution
		Debug|Any CPU = Debug|Any CPU
		Release|Any CPU = Release|Any CPU
	EndGlobalSection
	GlobalSection(ProjectConfigurationPlatforms) = postSolution
		{CFECC27B-DBDD-44B3-BB49-D318FA191FBC}.Debug|Any CPU.ActiveCfg = Debug|Any CPU
		{CFECC27B-DBDD-44B3-BB49-D318FA191FBC}.Debug|Any CPU.Build.0 = Debug|Any CPU
		{CFECC27B-DBDD-44B3-BB49-D318FA191FBC}.Release|Any CPU.ActiveCfg = Release|Any CPU
		{CFECC27B-DBDD-44B3-BB49-D318FA191FBC}.Release|Any CPU.Build.0 = Release|Any CPU
		{FB238CD8-D22B-4F34-B8A4-981DFAA01066}.Debug|Any CPU.ActiveCfg = Debug|Any CPU
		{FB238CD8-D22B-4F34-B8A4-981DFAA01066}.Debug|Any CPU.Build.0 = Debug|Any CPU
		{FB238CD8-D22B-4F34-B8A4-981DFAA01066}.Release|Any CPU.ActiveCfg = Release|Any CPU
		{FB238CD8-D22B-4F34-B8A4-981DFAA01066}.Release|Any CPU.Build.0 = Release|Any CPU
	EndGlobalSection
	GlobalSection(SolutionProperties) = preSolution
		HideSolutionNode = FALSE
	EndGlobalSection
	GlobalSection(ExtensibilityGlobals) = postSolution
		SolutionGuid = {C6A8C4B0-7F58-4070-BAF3-20D9E5B4EDA5}
	EndGlobalSection
EndGlobal
